
Microsoft Visual Studio Solution File, Format Version 12.00
# Visual Studio Version 16
VisualStudioVersion = 16.0.31613.86
MinimumVisualStudioVersion = 10.0.40219.1
Project("{FAE04EC0-301F-11D3-BF4B-00C04F79EFBC}") = "DiaryApplication", "DiaryApplication\DiaryApplication.csproj", "{75E27403-A827-40C4-9E93-3CD842FB26AC}"
EndProject
Global
	GlobalSection(SolutionConfigurationPlatforms) = preSolution
		Debug|Any CPU = Debug|Any CPU
		Release|Any CPU = Release|Any CPU
	EndGlobalSection
	GlobalSection(ProjectConfigurationPlatforms) = postSolution
		{75E27403-A827-40C4-9E93-3CD842FB26AC}.Debug|Any CPU.ActiveCfg = Debug|Any CPU
		{75E27403-A827-40C4-9E93-3CD842FB26AC}.Debug|Any CPU.Build.0 = Debug|Any CPU
		{75E27403-A827-40C4-9E93-3CD842FB26AC}.Release|Any CPU.ActiveCfg = Release|Any CPU
		{75E27403-A827-40C4-9E93-3CD842FB26AC}.Release|Any CPU.Build.0 = Release|Any CPU
	EndGlobalSection
	GlobalSection(SolutionProperties) = preSolution
		HideSolutionNode = FALSE
	EndGlobalSection
	GlobalSection(ExtensibilityGlobals) = postSolution
		SolutionGuid = {9FD3449E-606E-44C6-BFFA-FAFC34B281AD}
	EndGlobalSection
EndGlobal
